
Microsoft Visual Studio Solution File, Format Version 12.00
# Visual Studio Version 17
VisualStudioVersion = 17.2.32526.322
MinimumVisualStudioVersion = 10.0.40219.1
Project("{FAE04EC0-301F-11D3-BF4B-00C04F79EFBC}") = "try_cath", "try_cath\try_cath.csproj", "{F6CF91CC-583E-4B1B-B0F8-9259E2182C0C}"
EndProject
Project("{FAE04EC0-301F-11D3-BF4B-00C04F79EFBC}") = "proje2", "proje2\proje2.csproj", "{E03348AE-D385-4517-A4B5-3775A4DEBBD1}"
EndProject
Project("{9A19103F-16F7-4668-BE54-9A1E7A4F7556}") = "sınıf", "sınıf\sınıf.csproj", "{CBD0D577-9CA3-4654-92FD-CFB6212182F0}"
EndProject
Project("{9A19103F-16F7-4668-BE54-9A1E7A4F7556}") = "alıştırma_form", "alıştırma_form\alıştırma_form.csproj", "{53A549AC-0CE4-4280-9C6C-F576D9D0F2CC}"
EndProject
Project("{FAE04EC0-301F-11D3-BF4B-00C04F79EFBC}") = "210541043", "210541043\210541043.csproj", "{BA77B660-0015-47CC-AFF6-49F1407CFBBC}"
EndProject
Global
	GlobalSection(SolutionConfigurationPlatforms) = preSolution
		Debug|Any CPU = Debug|Any CPU
		Release|Any CPU = Release|Any CPU
	EndGlobalSection
	GlobalSection(ProjectConfigurationPlatforms) = postSolution
		{F6CF91CC-583E-4B1B-B0F8-9259E2182C0C}.Debug|Any CPU.ActiveCfg = Debug|Any CPU
		{F6CF91CC-583E-4B1B-B0F8-9259E2182C0C}.Debug|Any CPU.Build.0 = Debug|Any CPU
		{F6CF91CC-583E-4B1B-B0F8-9259E2182C0C}.Release|Any CPU.ActiveCfg = Release|Any CPU
		{F6CF91CC-583E-4B1B-B0F8-9259E2182C0C}.Release|Any CPU.Build.0 = Release|Any CPU
		{E03348AE-D385-4517-A4B5-3775A4DEBBD1}.Debug|Any CPU.ActiveCfg = Debug|Any CPU
		{E03348AE-D385-4517-A4B5-3775A4DEBBD1}.Debug|Any CPU.Build.0 = Debug|Any CPU
		{E03348AE-D385-4517-A4B5-3775A4DEBBD1}.Release|Any CPU.ActiveCfg = Release|Any CPU
		{E03348AE-D385-4517-A4B5-3775A4DEBBD1}.Release|Any CPU.Build.0 = Release|Any CPU
		{CBD0D577-9CA3-4654-92FD-CFB6212182F0}.Debug|Any CPU.ActiveCfg = Debug|Any CPU
		{CBD0D577-9CA3-4654-92FD-CFB6212182F0}.Debug|Any CPU.Build.0 = Debug|Any CPU
		{CBD0D577-9CA3-4654-92FD-CFB6212182F0}.Release|Any CPU.ActiveCfg = Release|Any CPU
		{CBD0D577-9CA3-4654-92FD-CFB6212182F0}.Release|Any CPU.Build.0 = Release|Any CPU
		{53A549AC-0CE4-4280-9C6C-F576D9D0F2CC}.Debug|Any CPU.ActiveCfg = Debug|Any CPU
		{53A549AC-0CE4-4280-9C6C-F576D9D0F2CC}.Debug|Any CPU.Build.0 = Debug|Any CPU
		{53A549AC-0CE4-4280-9C6C-F576D9D0F2CC}.Release|Any CPU.ActiveCfg = Release|Any CPU
		{53A549AC-0CE4-4280-9C6C-F576D9D0F2CC}.Release|Any CPU.Build.0 = Release|Any CPU
		{BA77B660-0015-47CC-AFF6-49F1407CFBBC}.Debug|Any CPU.ActiveCfg = Debug|Any CPU
		{BA77B660-0015-47CC-AFF6-49F1407CFBBC}.Debug|Any CPU.Build.0 = Debug|Any CPU
		{BA77B660-0015-47CC-AFF6-49F1407CFBBC}.Release|Any CPU.ActiveCfg = Release|Any CPU
		{BA77B660-0015-47CC-AFF6-49F1407CFBBC}.Release|Any CPU.Build.0 = Release|Any CPU
	EndGlobalSection
	GlobalSection(SolutionProperties) = preSolution
		HideSolutionNode = FALSE
	EndGlobalSection
	GlobalSection(ExtensibilityGlobals) = postSolution
		SolutionGuid = {D630C75E-A1FC-4F27-AB3A-895D9EA5575B}
	EndGlobalSection
EndGlobal
